
Microsoft Visual Studio Solution File, Format Version 12.00
# Visual Studio 15
VisualStudioVersion = 15.0.27130.2027
MinimumVisualStudioVersion = 10.0.40219.1
Project("{FAE04EC0-301F-11D3-BF4B-00C04F79EFBC}") = "cversion", "cversion\cversion.csproj", "{65F89DBC-AB27-4673-A04E-15281AD8C8CC}"
EndProject
Project("{FAE04EC0-301F-11D3-BF4B-00C04F79EFBC}") = "ConsoleUtilities", "ConsoleUtilities\ConsoleUtilities.csproj", "{E4B685AD-E733-4D60-9979-01CACB28C6C9}"
EndProject
Project("{FAE04EC0-301F-11D3-BF4B-00C04F79EFBC}") = "diruse", "diruse\diruse.csproj", "{A964A8D5-05FB-4AF1-9C87-0497BA5BC1D1}"
EndProject
Project("{8BC9CEB8-8B4A-11D0-8D11-00A0C91BC942}") = "elevate", "elevate\elevate.vcxproj", "{E2BB0459-9F3A-46A5-921E-824538342430}"
EndProject
Project("{FAE04EC0-301F-11D3-BF4B-00C04F79EFBC}") = "IsDebug", "IsDebug\IsDebug.csproj", "{642B2AAF-FE69-4CF8-A556-94D880CB1FCA}"
EndProject
Project("{FAE04EC0-301F-11D3-BF4B-00C04F79EFBC}") = "freedisk", "freedisk\freedisk.csproj", "{F65A5D53-1E04-4544-A8E7-A80CAF1947D4}"
EndProject
Project("{FAE04EC0-301F-11D3-BF4B-00C04F79EFBC}") = "ValidateJsonFullClr", "ValidateJsonFullClr\ValidateJsonFullClr.csproj", "{D4F46F47-EE3A-42FE-80D0-6DC7B580A8BF}"
EndProject
Project("{9A19103F-16F7-4668-BE54-9A1E7A4F7556}") = "ValidateJsonCore", "ValidateJsonCore\ValidateJsonCore.csproj", "{9079D668-E8C4-4A10-8D51-18635EB56E77}"
EndProject
Project("{2150E333-8FDC-42A3-9474-1A3956D46DE8}") = "CLRUtility", "CLRUtility", "{C85CDB09-5B47-42F8-A2B2-9323381AC23A}"
EndProject
Project("{FAE04EC0-301F-11D3-BF4B-00C04F79EFBC}") = "EnumAppDomains", "CLRUtility\EnumAppDomains\EnumAppDomains.csproj", "{95E38DD7-86D2-4468-8194-79FB441050F2}"
EndProject
Project("{FAE04EC0-301F-11D3-BF4B-00C04F79EFBC}") = "ClrUtils", "CLRUtility\ClrUtils\ClrUtils.csproj", "{0D4BC952-A03B-4759-8055-DA06CD2FB669}"
EndProject
Global
	GlobalSection(SolutionConfigurationPlatforms) = preSolution
		Debug|Any CPU = Debug|Any CPU
		Debug|x64 = Debug|x64
		Debug|x86 = Debug|x86
		Release|Any CPU = Release|Any CPU
		Release|x64 = Release|x64
		Release|x86 = Release|x86
	EndGlobalSection
	GlobalSection(ProjectConfigurationPlatforms) = postSolution
		{65F89DBC-AB27-4673-A04E-15281AD8C8CC}.Debug|Any CPU.ActiveCfg = Debug|Any CPU
		{65F89DBC-AB27-4673-A04E-15281AD8C8CC}.Debug|Any CPU.Build.0 = Debug|Any CPU
		{65F89DBC-AB27-4673-A04E-15281AD8C8CC}.Debug|x64.ActiveCfg = Debug|Any CPU
		{65F89DBC-AB27-4673-A04E-15281AD8C8CC}.Debug|x64.Build.0 = Debug|Any CPU
		{65F89DBC-AB27-4673-A04E-15281AD8C8CC}.Debug|x86.ActiveCfg = Debug|x86
		{65F89DBC-AB27-4673-A04E-15281AD8C8CC}.Debug|x86.Build.0 = Debug|x86
		{65F89DBC-AB27-4673-A04E-15281AD8C8CC}.Release|Any CPU.ActiveCfg = Release|Any CPU
		{65F89DBC-AB27-4673-A04E-15281AD8C8CC}.Release|Any CPU.Build.0 = Release|Any CPU
		{65F89DBC-AB27-4673-A04E-15281AD8C8CC}.Release|x64.ActiveCfg = Release|Any CPU
		{65F89DBC-AB27-4673-A04E-15281AD8C8CC}.Release|x64.Build.0 = Release|Any CPU
		{65F89DBC-AB27-4673-A04E-15281AD8C8CC}.Release|x86.ActiveCfg = Release|x86
		{65F89DBC-AB27-4673-A04E-15281AD8C8CC}.Release|x86.Build.0 = Release|x86
		{E4B685AD-E733-4D60-9979-01CACB28C6C9}.Debug|Any CPU.ActiveCfg = Debug|Any CPU
		{E4B685AD-E733-4D60-9979-01CACB28C6C9}.Debug|Any CPU.Build.0 = Debug|Any CPU
		{E4B685AD-E733-4D60-9979-01CACB28C6C9}.Debug|x64.ActiveCfg = Debug|Any CPU
		{E4B685AD-E733-4D60-9979-01CACB28C6C9}.Debug|x64.Build.0 = Debug|Any CPU
		{E4B685AD-E733-4D60-9979-01CACB28C6C9}.Debug|x86.ActiveCfg = Debug|Any CPU
		{E4B685AD-E733-4D60-9979-01CACB28C6C9}.Debug|x86.Build.0 = Debug|Any CPU
		{E4B685AD-E733-4D60-9979-01CACB28C6C9}.Release|Any CPU.ActiveCfg = Release|Any CPU
		{E4B685AD-E733-4D60-9979-01CACB28C6C9}.Release|Any CPU.Build.0 = Release|Any CPU
		{E4B685AD-E733-4D60-9979-01CACB28C6C9}.Release|x64.ActiveCfg = Release|Any CPU
		{E4B685AD-E733-4D60-9979-01CACB28C6C9}.Release|x64.Build.0 = Release|Any CPU
		{E4B685AD-E733-4D60-9979-01CACB28C6C9}.Release|x86.ActiveCfg = Release|Any CPU
		{E4B685AD-E733-4D60-9979-01CACB28C6C9}.Release|x86.Build.0 = Release|Any CPU
		{A964A8D5-05FB-4AF1-9C87-0497BA5BC1D1}.Debug|Any CPU.ActiveCfg = Debug|Any CPU
		{A964A8D5-05FB-4AF1-9C87-0497BA5BC1D1}.Debug|Any CPU.Build.0 = Debug|Any CPU
		{A964A8D5-05FB-4AF1-9C87-0497BA5BC1D1}.Debug|x64.ActiveCfg = Debug|Any CPU
		{A964A8D5-05FB-4AF1-9C87-0497BA5BC1D1}.Debug|x64.Build.0 = Debug|Any CPU
		{A964A8D5-05FB-4AF1-9C87-0497BA5BC1D1}.Debug|x86.ActiveCfg = Debug|x86
		{A964A8D5-05FB-4AF1-9C87-0497BA5BC1D1}.Debug|x86.Build.0 = Debug|x86
		{A964A8D5-05FB-4AF1-9C87-0497BA5BC1D1}.Release|Any CPU.ActiveCfg = Release|Any CPU
		{A964A8D5-05FB-4AF1-9C87-0497BA5BC1D1}.Release|Any CPU.Build.0 = Release|Any CPU
		{A964A8D5-05FB-4AF1-9C87-0497BA5BC1D1}.Release|x64.ActiveCfg = Release|Any CPU
		{A964A8D5-05FB-4AF1-9C87-0497BA5BC1D1}.Release|x64.Build.0 = Release|Any CPU
		{A964A8D5-05FB-4AF1-9C87-0497BA5BC1D1}.Release|x86.ActiveCfg = Release|x86
		{A964A8D5-05FB-4AF1-9C87-0497BA5BC1D1}.Release|x86.Build.0 = Release|x86
		{E2BB0459-9F3A-46A5-921E-824538342430}.Debug|Any CPU.ActiveCfg = Debug|Win32
		{E2BB0459-9F3A-46A5-921E-824538342430}.Debug|x64.ActiveCfg = Debug|x64
		{E2BB0459-9F3A-46A5-921E-824538342430}.Debug|x64.Build.0 = Debug|x64
		{E2BB0459-9F3A-46A5-921E-824538342430}.Debug|x86.ActiveCfg = Debug|Win32
		{E2BB0459-9F3A-46A5-921E-824538342430}.Debug|x86.Build.0 = Debug|Win32
		{E2BB0459-9F3A-46A5-921E-824538342430}.Release|Any CPU.ActiveCfg = Release|Win32
		{E2BB0459-9F3A-46A5-921E-824538342430}.Release|x64.ActiveCfg = Release|x64
		{E2BB0459-9F3A-46A5-921E-824538342430}.Release|x64.Build.0 = Release|x64
		{E2BB0459-9F3A-46A5-921E-824538342430}.Release|x86.ActiveCfg = Release|Win32
		{E2BB0459-9F3A-46A5-921E-824538342430}.Release|x86.Build.0 = Release|Win32
		{642B2AAF-FE69-4CF8-A556-94D880CB1FCA}.Debug|Any CPU.ActiveCfg = Debug|Any CPU
		{642B2AAF-FE69-4CF8-A556-94D880CB1FCA}.Debug|Any CPU.Build.0 = Debug|Any CPU
		{642B2AAF-FE69-4CF8-A556-94D880CB1FCA}.Debug|x64.ActiveCfg = Debug|x64
		{642B2AAF-FE69-4CF8-A556-94D880CB1FCA}.Debug|x64.Build.0 = Debug|x64
		{642B2AAF-FE69-4CF8-A556-94D880CB1FCA}.Debug|x86.ActiveCfg = Debug|Any CPU
		{642B2AAF-FE69-4CF8-A556-94D880CB1FCA}.Debug|x86.Build.0 = Debug|Any CPU
		{642B2AAF-FE69-4CF8-A556-94D880CB1FCA}.Release|Any CPU.ActiveCfg = Release|Any CPU
		{642B2AAF-FE69-4CF8-A556-94D880CB1FCA}.Release|Any CPU.Build.0 = Release|Any CPU
		{642B2AAF-FE69-4CF8-A556-94D880CB1FCA}.Release|x64.ActiveCfg = Release|x64
		{642B2AAF-FE69-4CF8-A556-94D880CB1FCA}.Release|x64.Build.0 = Release|x64
		{642B2AAF-FE69-4CF8-A556-94D880CB1FCA}.Release|x86.ActiveCfg = Release|Any CPU
		{642B2AAF-FE69-4CF8-A556-94D880CB1FCA}.Release|x86.Build.0 = Release|Any CPU
		{F65A5D53-1E04-4544-A8E7-A80CAF1947D4}.Debug|Any CPU.ActiveCfg = Debug|Any CPU
		{F65A5D53-1E04-4544-A8E7-A80CAF1947D4}.Debug|Any CPU.Build.0 = Debug|Any CPU
		{F65A5D53-1E04-4544-A8E7-A80CAF1947D4}.Debug|x64.ActiveCfg = Debug|Any CPU
		{F65A5D53-1E04-4544-A8E7-A80CAF1947D4}.Debug|x64.Build.0 = Debug|Any CPU
		{F65A5D53-1E04-4544-A8E7-A80CAF1947D4}.Debug|x86.ActiveCfg = Debug|Any CPU
		{F65A5D53-1E04-4544-A8E7-A80CAF1947D4}.Debug|x86.Build.0 = Debug|Any CPU
		{F65A5D53-1E04-4544-A8E7-A80CAF1947D4}.Release|Any CPU.ActiveCfg = Release|Any CPU
		{F65A5D53-1E04-4544-A8E7-A80CAF1947D4}.Release|Any CPU.Build.0 = Release|Any CPU
		{F65A5D53-1E04-4544-A8E7-A80CAF1947D4}.Release|x64.ActiveCfg = Release|Any CPU
		{F65A5D53-1E04-4544-A8E7-A80CAF1947D4}.Release|x64.Build.0 = Release|Any CPU
		{F65A5D53-1E04-4544-A8E7-A80CAF1947D4}.Release|x86.ActiveCfg = Release|Any CPU
		{F65A5D53-1E04-4544-A8E7-A80CAF1947D4}.Release|x86.Build.0 = Release|Any CPU
		{D4F46F47-EE3A-42FE-80D0-6DC7B580A8BF}.Debug|Any CPU.ActiveCfg = Debug|Any CPU
		{D4F46F47-EE3A-42FE-80D0-6DC7B580A8BF}.Debug|Any CPU.Build.0 = Debug|Any CPU
		{D4F46F47-EE3A-42FE-80D0-6DC7B580A8BF}.Debug|x64.ActiveCfg = Debug|Any CPU
		{D4F46F47-EE3A-42FE-80D0-6DC7B580A8BF}.Debug|x64.Build.0 = Debug|Any CPU
		{D4F46F47-EE3A-42FE-80D0-6DC7B580A8BF}.Debug|x86.ActiveCfg = Debug|Any CPU
		{D4F46F47-EE3A-42FE-80D0-6DC7B580A8BF}.Debug|x86.Build.0 = Debug|Any CPU
		{D4F46F47-EE3A-42FE-80D0-6DC7B580A8BF}.Release|Any CPU.ActiveCfg = Release|Any CPU
		{D4F46F47-EE3A-42FE-80D0-6DC7B580A8BF}.Release|Any CPU.Build.0 = Release|Any CPU
		{D4F46F47-EE3A-42FE-80D0-6DC7B580A8BF}.Release|x64.ActiveCfg = Release|Any CPU
		{D4F46F47-EE3A-42FE-80D0-6DC7B580A8BF}.Release|x64.Build.0 = Release|Any CPU
		{D4F46F47-EE3A-42FE-80D0-6DC7B580A8BF}.Release|x86.ActiveCfg = Release|Any CPU
		{D4F46F47-EE3A-42FE-80D0-6DC7B580A8BF}.Release|x86.Build.0 = Release|Any CPU
		{9079D668-E8C4-4A10-8D51-18635EB56E77}.Debug|Any CPU.ActiveCfg = Debug|Any CPU
		{9079D668-E8C4-4A10-8D51-18635EB56E77}.Debug|Any CPU.Build.0 = Debug|Any CPU
		{9079D668-E8C4-4A10-8D51-18635EB56E77}.Debug|x64.ActiveCfg = Debug|Any CPU
		{9079D668-E8C4-4A10-8D51-18635EB56E77}.Debug|x64.Build.0 = Debug|Any CPU
		{9079D668-E8C4-4A10-8D51-18635EB56E77}.Debug|x86.ActiveCfg = Debug|Any CPU
		{9079D668-E8C4-4A10-8D51-18635EB56E77}.Debug|x86.Build.0 = Debug|Any CPU
		{9079D668-E8C4-4A10-8D51-18635EB56E77}.Release|Any CPU.ActiveCfg = Release|Any CPU
		{9079D668-E8C4-4A10-8D51-18635EB56E77}.Release|Any CPU.Build.0 = Release|Any CPU
		{9079D668-E8C4-4A10-8D51-18635EB56E77}.Release|x64.ActiveCfg = Release|Any CPU
		{9079D668-E8C4-4A10-8D51-18635EB56E77}.Release|x64.Build.0 = Release|Any CPU
		{9079D668-E8C4-4A10-8D51-18635EB56E77}.Release|x86.ActiveCfg = Release|Any CPU
		{9079D668-E8C4-4A10-8D51-18635EB56E77}.Release|x86.Build.0 = Release|Any CPU
		{95E38DD7-86D2-4468-8194-79FB441050F2}.Debug|Any CPU.ActiveCfg = Debug|Any CPU
		{95E38DD7-86D2-4468-8194-79FB441050F2}.Debug|Any CPU.Build.0 = Debug|Any CPU
		{95E38DD7-86D2-4468-8194-79FB441050F2}.Debug|x64.ActiveCfg = Debug|Any CPU
		{95E38DD7-86D2-4468-8194-79FB441050F2}.Debug|x64.Build.0 = Debug|Any CPU
		{95E38DD7-86D2-4468-8194-79FB441050F2}.Debug|x86.ActiveCfg = Debug|Any CPU
		{95E38DD7-86D2-4468-8194-79FB441050F2}.Debug|x86.Build.0 = Debug|Any CPU
		{95E38DD7-86D2-4468-8194-79FB441050F2}.Release|Any CPU.ActiveCfg = Release|Any CPU
		{95E38DD7-86D2-4468-8194-79FB441050F2}.Release|Any CPU.Build.0 = Release|Any CPU
		{95E38DD7-86D2-4468-8194-79FB441050F2}.Release|x64.ActiveCfg = Release|Any CPU
		{95E38DD7-86D2-4468-8194-79FB441050F2}.Release|x64.Build.0 = Release|Any CPU
		{95E38DD7-86D2-4468-8194-79FB441050F2}.Release|x86.ActiveCfg = Release|Any CPU
		{95E38DD7-86D2-4468-8194-79FB441050F2}.Release|x86.Build.0 = Release|Any CPU
		{0D4BC952-A03B-4759-8055-DA06CD2FB669}.Debug|Any CPU.ActiveCfg = Debug|Any CPU
		{0D4BC952-A03B-4759-8055-DA06CD2FB669}.Debug|Any CPU.Build.0 = Debug|Any CPU
		{0D4BC952-A03B-4759-8055-DA06CD2FB669}.Debug|x64.ActiveCfg = Debug|Any CPU
		{0D4BC952-A03B-4759-8055-DA06CD2FB669}.Debug|x64.Build.0 = Debug|Any CPU
		{0D4BC952-A03B-4759-8055-DA06CD2FB669}.Debug|x86.ActiveCfg = Debug|Any CPU
		{0D4BC952-A03B-4759-8055-DA06CD2FB669}.Debug|x86.Build.0 = Debug|Any CPU
		{0D4BC952-A03B-4759-8055-DA06CD2FB669}.Release|Any CPU.ActiveCfg = Release|Any CPU
		{0D4BC952-A03B-4759-8055-DA06CD2FB669}.Release|Any CPU.Build.0 = Release|Any CPU
		{0D4BC952-A03B-4759-8055-DA06CD2FB669}.Release|x64.ActiveCfg = Release|Any CPU
		{0D4BC952-A03B-4759-8055-DA06CD2FB669}.Release|x64.Build.0 = Release|Any CPU
		{0D4BC952-A03B-4759-8055-DA06CD2FB669}.Release|x86.ActiveCfg = Release|Any CPU
		{0D4BC952-A03B-4759-8055-DA06CD2FB669}.Release|x86.Build.0 = Release|Any CPU
	EndGlobalSection
	GlobalSection(SolutionProperties) = preSolution
		HideSolutionNode = FALSE
	EndGlobalSection
	GlobalSection(NestedProjects) = preSolution
		{95E38DD7-86D2-4468-8194-79FB441050F2} = {C85CDB09-5B47-42F8-A2B2-9323381AC23A}
		{0D4BC952-A03B-4759-8055-DA06CD2FB669} = {C85CDB09-5B47-42F8-A2B2-9323381AC23A}
	EndGlobalSection
	GlobalSection(ExtensibilityGlobals) = postSolution
		SolutionGuid = {C8B23CAB-9245-45C2-A3D4-C4461A467996}
	EndGlobalSection
EndGlobal
