
Microsoft Visual Studio Solution File, Format Version 12.00
# Visual Studio Version 16
VisualStudioVersion = 16.0.29123.88
MinimumVisualStudioVersion = 10.0.40219.1
Project("{FAE04EC0-301F-11D3-BF4B-00C04F79EFBC}") = "cversion", "cversion\cversion.csproj", "{65F89DBC-AB27-4673-A04E-15281AD8C8CC}"
EndProject
Project("{FAE04EC0-301F-11D3-BF4B-00C04F79EFBC}") = "ConsoleUtilities", "ConsoleUtilities\ConsoleUtilities.csproj", "{E4B685AD-E733-4D60-9979-01CACB28C6C9}"
EndProject
Project("{FAE04EC0-301F-11D3-BF4B-00C04F79EFBC}") = "diruse", "diruse\diruse.csproj", "{A964A8D5-05FB-4AF1-9C87-0497BA5BC1D1}"
EndProject
Project("{FAE04EC0-301F-11D3-BF4B-00C04F79EFBC}") = "IsDebug", "IsDebug\IsDebug.csproj", "{642B2AAF-FE69-4CF8-A556-94D880CB1FCA}"
EndProject
Project("{FAE04EC0-301F-11D3-BF4B-00C04F79EFBC}") = "freedisk", "freedisk\freedisk.csproj", "{F65A5D53-1E04-4544-A8E7-A80CAF1947D4}"
EndProject
Project("{2150E333-8FDC-42A3-9474-1A3956D46DE8}") = "Solution Items", "Solution Items", "{56869BD5-124B-4C27-ABE4-FFE7C689F34B}"
	ProjectSection(SolutionItems) = preProject
		.editorconfig = .editorconfig
	EndProjectSection
EndProject
Project("{2150E333-8FDC-42A3-9474-1A3956D46DE8}") = "Exif Utility", "Exif Utility", "{C1C46EF9-4C46-4F7C-9D68-182A0563C300}"
EndProject
Project("{FAE04EC0-301F-11D3-BF4B-00C04F79EFBC}") = "DeExif", "deexif\DeExif\DeExif.csproj", "{5F7AD356-0B5F-4290-9390-5D160EC1C9DE}"
EndProject
Project("{9A19103F-16F7-4668-BE54-9A1E7A4F7556}") = "JpgUtility", "deexif\jpgUtility\JpgUtility.csproj", "{35077E63-F45B-4667-AEC4-DC297449F064}"
EndProject
Project("{FAE04EC0-301F-11D3-BF4B-00C04F79EFBC}") = "QSend", "qsend\QSend.csproj", "{0933BB43-682F-4B26-99A8-8BD8AE7E3C04}"
EndProject
Project("{2150E333-8FDC-42A3-9474-1A3956D46DE8}") = "ValidateJson", "ValidateJson", "{A9656985-D757-4B7E-8911-84A2F44B3499}"
EndProject
Project("{9A19103F-16F7-4668-BE54-9A1E7A4F7556}") = "ValidateJsonApp", "ValidateJson\ValidateJsonApp\ValidateJsonApp.csproj", "{86DDF58C-603E-4210-8851-8D517880C386}"
EndProject
Project("{9A19103F-16F7-4668-BE54-9A1E7A4F7556}") = "WEL.JsonUtils", "ValidateJson\JsonValidator\WEL.JsonUtils.csproj", "{3DE66449-ABC7-470D-B6EE-FFF5AF0D350D}"
EndProject
Project("{8BC9CEB8-8B4A-11D0-8D11-00A0C91BC942}") = "isomounted", "isomounted\isomounted.vcxproj", "{1232199F-35EE-41B6-A34B-09E83B0D8881}"
EndProject
Project("{FAE04EC0-301F-11D3-BF4B-00C04F79EFBC}") = "timeit", "timeit\timeit.csproj", "{9AE37935-FA00-4CF6-BEBD-A5B5D014DBB0}"
EndProject
Project("{FAE04EC0-301F-11D3-BF4B-00C04F79EFBC}") = "asyncmsmqtest", "asyncmsmqtest\asyncmsmqtest.csproj", "{D4000285-D981-4ADA-88F1-28D2818CD2F2}"
EndProject
Global
	GlobalSection(SolutionConfigurationPlatforms) = preSolution
		Debug|Any CPU = Debug|Any CPU
		Debug|x64 = Debug|x64
		Debug|x86 = Debug|x86
		Release|Any CPU = Release|Any CPU
		Release|x64 = Release|x64
		Release|x86 = Release|x86
	EndGlobalSection
	GlobalSection(ProjectConfigurationPlatforms) = postSolution
		{65F89DBC-AB27-4673-A04E-15281AD8C8CC}.Debug|Any CPU.ActiveCfg = Debug|Any CPU
		{65F89DBC-AB27-4673-A04E-15281AD8C8CC}.Debug|Any CPU.Build.0 = Debug|Any CPU
		{65F89DBC-AB27-4673-A04E-15281AD8C8CC}.Debug|x64.ActiveCfg = Debug|Any CPU
		{65F89DBC-AB27-4673-A04E-15281AD8C8CC}.Debug|x64.Build.0 = Debug|Any CPU
		{65F89DBC-AB27-4673-A04E-15281AD8C8CC}.Debug|x86.ActiveCfg = Debug|x86
		{65F89DBC-AB27-4673-A04E-15281AD8C8CC}.Debug|x86.Build.0 = Debug|x86
		{65F89DBC-AB27-4673-A04E-15281AD8C8CC}.Release|Any CPU.ActiveCfg = Release|Any CPU
		{65F89DBC-AB27-4673-A04E-15281AD8C8CC}.Release|Any CPU.Build.0 = Release|Any CPU
		{65F89DBC-AB27-4673-A04E-15281AD8C8CC}.Release|x64.ActiveCfg = Release|Any CPU
		{65F89DBC-AB27-4673-A04E-15281AD8C8CC}.Release|x64.Build.0 = Release|Any CPU
		{65F89DBC-AB27-4673-A04E-15281AD8C8CC}.Release|x86.ActiveCfg = Release|x86
		{65F89DBC-AB27-4673-A04E-15281AD8C8CC}.Release|x86.Build.0 = Release|x86
		{E4B685AD-E733-4D60-9979-01CACB28C6C9}.Debug|Any CPU.ActiveCfg = Debug|Any CPU
		{E4B685AD-E733-4D60-9979-01CACB28C6C9}.Debug|Any CPU.Build.0 = Debug|Any CPU
		{E4B685AD-E733-4D60-9979-01CACB28C6C9}.Debug|x64.ActiveCfg = Debug|Any CPU
		{E4B685AD-E733-4D60-9979-01CACB28C6C9}.Debug|x64.Build.0 = Debug|Any CPU
		{E4B685AD-E733-4D60-9979-01CACB28C6C9}.Debug|x86.ActiveCfg = Debug|Any CPU
		{E4B685AD-E733-4D60-9979-01CACB28C6C9}.Debug|x86.Build.0 = Debug|Any CPU
		{E4B685AD-E733-4D60-9979-01CACB28C6C9}.Release|Any CPU.ActiveCfg = Release|Any CPU
		{E4B685AD-E733-4D60-9979-01CACB28C6C9}.Release|Any CPU.Build.0 = Release|Any CPU
		{E4B685AD-E733-4D60-9979-01CACB28C6C9}.Release|x64.ActiveCfg = Release|Any CPU
		{E4B685AD-E733-4D60-9979-01CACB28C6C9}.Release|x64.Build.0 = Release|Any CPU
		{E4B685AD-E733-4D60-9979-01CACB28C6C9}.Release|x86.ActiveCfg = Release|Any CPU
		{E4B685AD-E733-4D60-9979-01CACB28C6C9}.Release|x86.Build.0 = Release|Any CPU
		{A964A8D5-05FB-4AF1-9C87-0497BA5BC1D1}.Debug|Any CPU.ActiveCfg = Debug|Any CPU
		{A964A8D5-05FB-4AF1-9C87-0497BA5BC1D1}.Debug|Any CPU.Build.0 = Debug|Any CPU
		{A964A8D5-05FB-4AF1-9C87-0497BA5BC1D1}.Debug|x64.ActiveCfg = Debug|Any CPU
		{A964A8D5-05FB-4AF1-9C87-0497BA5BC1D1}.Debug|x64.Build.0 = Debug|Any CPU
		{A964A8D5-05FB-4AF1-9C87-0497BA5BC1D1}.Debug|x86.ActiveCfg = Debug|x86
		{A964A8D5-05FB-4AF1-9C87-0497BA5BC1D1}.Debug|x86.Build.0 = Debug|x86
		{A964A8D5-05FB-4AF1-9C87-0497BA5BC1D1}.Release|Any CPU.ActiveCfg = Release|Any CPU
		{A964A8D5-05FB-4AF1-9C87-0497BA5BC1D1}.Release|Any CPU.Build.0 = Release|Any CPU
		{A964A8D5-05FB-4AF1-9C87-0497BA5BC1D1}.Release|x64.ActiveCfg = Release|Any CPU
		{A964A8D5-05FB-4AF1-9C87-0497BA5BC1D1}.Release|x64.Build.0 = Release|Any CPU
		{A964A8D5-05FB-4AF1-9C87-0497BA5BC1D1}.Release|x86.ActiveCfg = Release|x86
		{A964A8D5-05FB-4AF1-9C87-0497BA5BC1D1}.Release|x86.Build.0 = Release|x86
		{642B2AAF-FE69-4CF8-A556-94D880CB1FCA}.Debug|Any CPU.ActiveCfg = Debug|Any CPU
		{642B2AAF-FE69-4CF8-A556-94D880CB1FCA}.Debug|Any CPU.Build.0 = Debug|Any CPU
		{642B2AAF-FE69-4CF8-A556-94D880CB1FCA}.Debug|x64.ActiveCfg = Debug|x64
		{642B2AAF-FE69-4CF8-A556-94D880CB1FCA}.Debug|x64.Build.0 = Debug|x64
		{642B2AAF-FE69-4CF8-A556-94D880CB1FCA}.Debug|x86.ActiveCfg = Debug|Any CPU
		{642B2AAF-FE69-4CF8-A556-94D880CB1FCA}.Debug|x86.Build.0 = Debug|Any CPU
		{642B2AAF-FE69-4CF8-A556-94D880CB1FCA}.Release|Any CPU.ActiveCfg = Release|Any CPU
		{642B2AAF-FE69-4CF8-A556-94D880CB1FCA}.Release|Any CPU.Build.0 = Release|Any CPU
		{642B2AAF-FE69-4CF8-A556-94D880CB1FCA}.Release|x64.ActiveCfg = Release|x64
		{642B2AAF-FE69-4CF8-A556-94D880CB1FCA}.Release|x64.Build.0 = Release|x64
		{642B2AAF-FE69-4CF8-A556-94D880CB1FCA}.Release|x86.ActiveCfg = Release|Any CPU
		{642B2AAF-FE69-4CF8-A556-94D880CB1FCA}.Release|x86.Build.0 = Release|Any CPU
		{F65A5D53-1E04-4544-A8E7-A80CAF1947D4}.Debug|Any CPU.ActiveCfg = Debug|Any CPU
		{F65A5D53-1E04-4544-A8E7-A80CAF1947D4}.Debug|Any CPU.Build.0 = Debug|Any CPU
		{F65A5D53-1E04-4544-A8E7-A80CAF1947D4}.Debug|x64.ActiveCfg = Debug|Any CPU
		{F65A5D53-1E04-4544-A8E7-A80CAF1947D4}.Debug|x64.Build.0 = Debug|Any CPU
		{F65A5D53-1E04-4544-A8E7-A80CAF1947D4}.Debug|x86.ActiveCfg = Debug|Any CPU
		{F65A5D53-1E04-4544-A8E7-A80CAF1947D4}.Debug|x86.Build.0 = Debug|Any CPU
		{F65A5D53-1E04-4544-A8E7-A80CAF1947D4}.Release|Any CPU.ActiveCfg = Release|Any CPU
		{F65A5D53-1E04-4544-A8E7-A80CAF1947D4}.Release|Any CPU.Build.0 = Release|Any CPU
		{F65A5D53-1E04-4544-A8E7-A80CAF1947D4}.Release|x64.ActiveCfg = Release|Any CPU
		{F65A5D53-1E04-4544-A8E7-A80CAF1947D4}.Release|x64.Build.0 = Release|Any CPU
		{F65A5D53-1E04-4544-A8E7-A80CAF1947D4}.Release|x86.ActiveCfg = Release|Any CPU
		{F65A5D53-1E04-4544-A8E7-A80CAF1947D4}.Release|x86.Build.0 = Release|Any CPU
		{5F7AD356-0B5F-4290-9390-5D160EC1C9DE}.Debug|Any CPU.ActiveCfg = Debug|Any CPU
		{5F7AD356-0B5F-4290-9390-5D160EC1C9DE}.Debug|Any CPU.Build.0 = Debug|Any CPU
		{5F7AD356-0B5F-4290-9390-5D160EC1C9DE}.Debug|x64.ActiveCfg = Debug|Any CPU
		{5F7AD356-0B5F-4290-9390-5D160EC1C9DE}.Debug|x64.Build.0 = Debug|Any CPU
		{5F7AD356-0B5F-4290-9390-5D160EC1C9DE}.Debug|x86.ActiveCfg = Debug|Any CPU
		{5F7AD356-0B5F-4290-9390-5D160EC1C9DE}.Debug|x86.Build.0 = Debug|Any CPU
		{5F7AD356-0B5F-4290-9390-5D160EC1C9DE}.Release|Any CPU.ActiveCfg = Release|Any CPU
		{5F7AD356-0B5F-4290-9390-5D160EC1C9DE}.Release|Any CPU.Build.0 = Release|Any CPU
		{5F7AD356-0B5F-4290-9390-5D160EC1C9DE}.Release|x64.ActiveCfg = Release|Any CPU
		{5F7AD356-0B5F-4290-9390-5D160EC1C9DE}.Release|x64.Build.0 = Release|Any CPU
		{5F7AD356-0B5F-4290-9390-5D160EC1C9DE}.Release|x86.ActiveCfg = Release|Any CPU
		{5F7AD356-0B5F-4290-9390-5D160EC1C9DE}.Release|x86.Build.0 = Release|Any CPU
		{35077E63-F45B-4667-AEC4-DC297449F064}.Debug|Any CPU.ActiveCfg = Debug|Any CPU
		{35077E63-F45B-4667-AEC4-DC297449F064}.Debug|Any CPU.Build.0 = Debug|Any CPU
		{35077E63-F45B-4667-AEC4-DC297449F064}.Debug|x64.ActiveCfg = Debug|Any CPU
		{35077E63-F45B-4667-AEC4-DC297449F064}.Debug|x64.Build.0 = Debug|Any CPU
		{35077E63-F45B-4667-AEC4-DC297449F064}.Debug|x86.ActiveCfg = Debug|Any CPU
		{35077E63-F45B-4667-AEC4-DC297449F064}.Debug|x86.Build.0 = Debug|Any CPU
		{35077E63-F45B-4667-AEC4-DC297449F064}.Release|Any CPU.ActiveCfg = Release|Any CPU
		{35077E63-F45B-4667-AEC4-DC297449F064}.Release|Any CPU.Build.0 = Release|Any CPU
		{35077E63-F45B-4667-AEC4-DC297449F064}.Release|x64.ActiveCfg = Release|Any CPU
		{35077E63-F45B-4667-AEC4-DC297449F064}.Release|x64.Build.0 = Release|Any CPU
		{35077E63-F45B-4667-AEC4-DC297449F064}.Release|x86.ActiveCfg = Release|Any CPU
		{35077E63-F45B-4667-AEC4-DC297449F064}.Release|x86.Build.0 = Release|Any CPU
		{0933BB43-682F-4B26-99A8-8BD8AE7E3C04}.Debug|Any CPU.ActiveCfg = Debug|Any CPU
		{0933BB43-682F-4B26-99A8-8BD8AE7E3C04}.Debug|Any CPU.Build.0 = Debug|Any CPU
		{0933BB43-682F-4B26-99A8-8BD8AE7E3C04}.Debug|x64.ActiveCfg = Debug|Any CPU
		{0933BB43-682F-4B26-99A8-8BD8AE7E3C04}.Debug|x64.Build.0 = Debug|Any CPU
		{0933BB43-682F-4B26-99A8-8BD8AE7E3C04}.Debug|x86.ActiveCfg = Debug|Any CPU
		{0933BB43-682F-4B26-99A8-8BD8AE7E3C04}.Debug|x86.Build.0 = Debug|Any CPU
		{0933BB43-682F-4B26-99A8-8BD8AE7E3C04}.Release|Any CPU.ActiveCfg = Release|Any CPU
		{0933BB43-682F-4B26-99A8-8BD8AE7E3C04}.Release|Any CPU.Build.0 = Release|Any CPU
		{0933BB43-682F-4B26-99A8-8BD8AE7E3C04}.Release|x64.ActiveCfg = Release|Any CPU
		{0933BB43-682F-4B26-99A8-8BD8AE7E3C04}.Release|x64.Build.0 = Release|Any CPU
		{0933BB43-682F-4B26-99A8-8BD8AE7E3C04}.Release|x86.ActiveCfg = Release|Any CPU
		{0933BB43-682F-4B26-99A8-8BD8AE7E3C04}.Release|x86.Build.0 = Release|Any CPU
		{86DDF58C-603E-4210-8851-8D517880C386}.Debug|Any CPU.ActiveCfg = Debug|Any CPU
		{86DDF58C-603E-4210-8851-8D517880C386}.Debug|Any CPU.Build.0 = Debug|Any CPU
		{86DDF58C-603E-4210-8851-8D517880C386}.Debug|x64.ActiveCfg = Debug|Any CPU
		{86DDF58C-603E-4210-8851-8D517880C386}.Debug|x64.Build.0 = Debug|Any CPU
		{86DDF58C-603E-4210-8851-8D517880C386}.Debug|x86.ActiveCfg = Debug|Any CPU
		{86DDF58C-603E-4210-8851-8D517880C386}.Debug|x86.Build.0 = Debug|Any CPU
		{86DDF58C-603E-4210-8851-8D517880C386}.Release|Any CPU.ActiveCfg = Release|Any CPU
		{86DDF58C-603E-4210-8851-8D517880C386}.Release|Any CPU.Build.0 = Release|Any CPU
		{86DDF58C-603E-4210-8851-8D517880C386}.Release|x64.ActiveCfg = Release|Any CPU
		{86DDF58C-603E-4210-8851-8D517880C386}.Release|x64.Build.0 = Release|Any CPU
		{86DDF58C-603E-4210-8851-8D517880C386}.Release|x86.ActiveCfg = Release|Any CPU
		{86DDF58C-603E-4210-8851-8D517880C386}.Release|x86.Build.0 = Release|Any CPU
		{3DE66449-ABC7-470D-B6EE-FFF5AF0D350D}.Debug|Any CPU.ActiveCfg = Debug|Any CPU
		{3DE66449-ABC7-470D-B6EE-FFF5AF0D350D}.Debug|Any CPU.Build.0 = Debug|Any CPU
		{3DE66449-ABC7-470D-B6EE-FFF5AF0D350D}.Debug|x64.ActiveCfg = Debug|Any CPU
		{3DE66449-ABC7-470D-B6EE-FFF5AF0D350D}.Debug|x64.Build.0 = Debug|Any CPU
		{3DE66449-ABC7-470D-B6EE-FFF5AF0D350D}.Debug|x86.ActiveCfg = Debug|Any CPU
		{3DE66449-ABC7-470D-B6EE-FFF5AF0D350D}.Debug|x86.Build.0 = Debug|Any CPU
		{3DE66449-ABC7-470D-B6EE-FFF5AF0D350D}.Release|Any CPU.ActiveCfg = Release|Any CPU
		{3DE66449-ABC7-470D-B6EE-FFF5AF0D350D}.Release|Any CPU.Build.0 = Release|Any CPU
		{3DE66449-ABC7-470D-B6EE-FFF5AF0D350D}.Release|x64.ActiveCfg = Release|Any CPU
		{3DE66449-ABC7-470D-B6EE-FFF5AF0D350D}.Release|x64.Build.0 = Release|Any CPU
		{3DE66449-ABC7-470D-B6EE-FFF5AF0D350D}.Release|x86.ActiveCfg = Release|Any CPU
		{3DE66449-ABC7-470D-B6EE-FFF5AF0D350D}.Release|x86.Build.0 = Release|Any CPU
		{1232199F-35EE-41B6-A34B-09E83B0D8881}.Debug|Any CPU.ActiveCfg = Debug|Win32
		{1232199F-35EE-41B6-A34B-09E83B0D8881}.Debug|x64.ActiveCfg = Debug|x64
		{1232199F-35EE-41B6-A34B-09E83B0D8881}.Debug|x64.Build.0 = Debug|x64
		{1232199F-35EE-41B6-A34B-09E83B0D8881}.Debug|x86.ActiveCfg = Debug|Win32
		{1232199F-35EE-41B6-A34B-09E83B0D8881}.Debug|x86.Build.0 = Debug|Win32
		{1232199F-35EE-41B6-A34B-09E83B0D8881}.Release|Any CPU.ActiveCfg = Release|Win32
		{1232199F-35EE-41B6-A34B-09E83B0D8881}.Release|x64.ActiveCfg = Release|x64
		{1232199F-35EE-41B6-A34B-09E83B0D8881}.Release|x64.Build.0 = Release|x64
		{1232199F-35EE-41B6-A34B-09E83B0D8881}.Release|x86.ActiveCfg = Release|Win32
		{1232199F-35EE-41B6-A34B-09E83B0D8881}.Release|x86.Build.0 = Release|Win32
		{9AE37935-FA00-4CF6-BEBD-A5B5D014DBB0}.Debug|Any CPU.ActiveCfg = Debug|Any CPU
		{9AE37935-FA00-4CF6-BEBD-A5B5D014DBB0}.Debug|Any CPU.Build.0 = Debug|Any CPU
		{9AE37935-FA00-4CF6-BEBD-A5B5D014DBB0}.Debug|x64.ActiveCfg = Debug|Any CPU
		{9AE37935-FA00-4CF6-BEBD-A5B5D014DBB0}.Debug|x64.Build.0 = Debug|Any CPU
		{9AE37935-FA00-4CF6-BEBD-A5B5D014DBB0}.Debug|x86.ActiveCfg = Debug|Any CPU
		{9AE37935-FA00-4CF6-BEBD-A5B5D014DBB0}.Debug|x86.Build.0 = Debug|Any CPU
		{9AE37935-FA00-4CF6-BEBD-A5B5D014DBB0}.Release|Any CPU.ActiveCfg = Release|Any CPU
		{9AE37935-FA00-4CF6-BEBD-A5B5D014DBB0}.Release|Any CPU.Build.0 = Release|Any CPU
		{9AE37935-FA00-4CF6-BEBD-A5B5D014DBB0}.Release|x64.ActiveCfg = Release|Any CPU
		{9AE37935-FA00-4CF6-BEBD-A5B5D014DBB0}.Release|x64.Build.0 = Release|Any CPU
		{9AE37935-FA00-4CF6-BEBD-A5B5D014DBB0}.Release|x86.ActiveCfg = Release|Any CPU
		{9AE37935-FA00-4CF6-BEBD-A5B5D014DBB0}.Release|x86.Build.0 = Release|Any CPU
		{D4000285-D981-4ADA-88F1-28D2818CD2F2}.Debug|Any CPU.ActiveCfg = Debug|Any CPU
		{D4000285-D981-4ADA-88F1-28D2818CD2F2}.Debug|Any CPU.Build.0 = Debug|Any CPU
		{D4000285-D981-4ADA-88F1-28D2818CD2F2}.Debug|x64.ActiveCfg = Debug|Any CPU
		{D4000285-D981-4ADA-88F1-28D2818CD2F2}.Debug|x64.Build.0 = Debug|Any CPU
		{D4000285-D981-4ADA-88F1-28D2818CD2F2}.Debug|x86.ActiveCfg = Debug|Any CPU
		{D4000285-D981-4ADA-88F1-28D2818CD2F2}.Debug|x86.Build.0 = Debug|Any CPU
		{D4000285-D981-4ADA-88F1-28D2818CD2F2}.Release|Any CPU.ActiveCfg = Release|Any CPU
		{D4000285-D981-4ADA-88F1-28D2818CD2F2}.Release|Any CPU.Build.0 = Release|Any CPU
		{D4000285-D981-4ADA-88F1-28D2818CD2F2}.Release|x64.ActiveCfg = Release|Any CPU
		{D4000285-D981-4ADA-88F1-28D2818CD2F2}.Release|x64.Build.0 = Release|Any CPU
		{D4000285-D981-4ADA-88F1-28D2818CD2F2}.Release|x86.ActiveCfg = Release|Any CPU
		{D4000285-D981-4ADA-88F1-28D2818CD2F2}.Release|x86.Build.0 = Release|Any CPU
	EndGlobalSection
	GlobalSection(SolutionProperties) = preSolution
		HideSolutionNode = FALSE
	EndGlobalSection
	GlobalSection(NestedProjects) = preSolution
		{5F7AD356-0B5F-4290-9390-5D160EC1C9DE} = {C1C46EF9-4C46-4F7C-9D68-182A0563C300}
		{35077E63-F45B-4667-AEC4-DC297449F064} = {C1C46EF9-4C46-4F7C-9D68-182A0563C300}
		{86DDF58C-603E-4210-8851-8D517880C386} = {A9656985-D757-4B7E-8911-84A2F44B3499}
		{3DE66449-ABC7-470D-B6EE-FFF5AF0D350D} = {A9656985-D757-4B7E-8911-84A2F44B3499}
	EndGlobalSection
	GlobalSection(ExtensibilityGlobals) = postSolution
		SolutionGuid = {C8B23CAB-9245-45C2-A3D4-C4461A467996}
	EndGlobalSection
EndGlobal
